
Microsoft Visual Studio Solution File, Format Version 12.00
# Visual Studio Version 16
VisualStudioVersion = 16.0.29215.179
MinimumVisualStudioVersion = 10.0.40219.1
Project("{FAE04EC0-301F-11D3-BF4B-00C04F79EFBC}") = "CustomerInformationManagementApp", "CustomerInformationManagementApp.csproj", "{E28DC9A8-860C-42E8-9D38-FC8647645ABB}"
EndProject
Project("{FAE04EC0-301F-11D3-BF4B-00C04F79EFBC}") = "Business", "..\Business\Business.csproj", "{862D5B8A-9D46-4669-8899-80B65EED747E}"
EndProject
Project("{FAE04EC0-301F-11D3-BF4B-00C04F79EFBC}") = "Common", "..\Common\Common.csproj", "{BBFED673-4EAC-426E-89E0-0176147E124D}"
EndProject
Global
	GlobalSection(SolutionConfigurationPlatforms) = preSolution
		Debug|Any CPU = Debug|Any CPU
		Release|Any CPU = Release|Any CPU
	EndGlobalSection
	GlobalSection(ProjectConfigurationPlatforms) = postSolution
		{E28DC9A8-860C-42E8-9D38-FC8647645ABB}.Debug|Any CPU.ActiveCfg = Debug|Any CPU
		{E28DC9A8-860C-42E8-9D38-FC8647645ABB}.Debug|Any CPU.Build.0 = Debug|Any CPU
		{E28DC9A8-860C-42E8-9D38-FC8647645ABB}.Release|Any CPU.ActiveCfg = Release|Any CPU
		{E28DC9A8-860C-42E8-9D38-FC8647645ABB}.Release|Any CPU.Build.0 = Release|Any CPU
		{862D5B8A-9D46-4669-8899-80B65EED747E}.Debug|Any CPU.ActiveCfg = Debug|Any CPU
		{862D5B8A-9D46-4669-8899-80B65EED747E}.Debug|Any CPU.Build.0 = Debug|Any CPU
		{862D5B8A-9D46-4669-8899-80B65EED747E}.Release|Any CPU.ActiveCfg = Release|Any CPU
		{862D5B8A-9D46-4669-8899-80B65EED747E}.Release|Any CPU.Build.0 = Release|Any CPU
		{BBFED673-4EAC-426E-89E0-0176147E124D}.Debug|Any CPU.ActiveCfg = Debug|Any CPU
		{BBFED673-4EAC-426E-89E0-0176147E124D}.Debug|Any CPU.Build.0 = Debug|Any CPU
		{BBFED673-4EAC-426E-89E0-0176147E124D}.Release|Any CPU.ActiveCfg = Release|Any CPU
		{BBFED673-4EAC-426E-89E0-0176147E124D}.Release|Any CPU.Build.0 = Release|Any CPU
	EndGlobalSection
	GlobalSection(SolutionProperties) = preSolution
		HideSolutionNode = FALSE
	EndGlobalSection
	GlobalSection(ExtensibilityGlobals) = postSolution
		SolutionGuid = {9AE0C179-8AD8-49CF-A2FB-4827F4D6D476}
	EndGlobalSection
EndGlobal
